
Microsoft Visual Studio Solution File, Format Version 12.00
# Visual Studio Version 17
VisualStudioVersion = 17.0.32112.339
MinimumVisualStudioVersion = 10.0.40219.1
Project("{FAE04EC0-301F-11D3-BF4B-00C04F79EFBC}") = "Sample.DP.MVC", "Sample.DP.MVC\Sample.DP.MVC.csproj", "{48C0964C-C76D-404E-8EC4-E337908396CD}"
EndProject
Global
	GlobalSection(SolutionConfigurationPlatforms) = preSolution
		Debug|Any CPU = Debug|Any CPU
		Release|Any CPU = Release|Any CPU
	EndGlobalSection
	GlobalSection(ProjectConfigurationPlatforms) = postSolution
		{48C0964C-C76D-404E-8EC4-E337908396CD}.Debug|Any CPU.ActiveCfg = Debug|Any CPU
		{48C0964C-C76D-404E-8EC4-E337908396CD}.Debug|Any CPU.Build.0 = Debug|Any CPU
		{48C0964C-C76D-404E-8EC4-E337908396CD}.Release|Any CPU.ActiveCfg = Release|Any CPU
		{48C0964C-C76D-404E-8EC4-E337908396CD}.Release|Any CPU.Build.0 = Release|Any CPU
	EndGlobalSection
	GlobalSection(SolutionProperties) = preSolution
		HideSolutionNode = FALSE
	EndGlobalSection
	GlobalSection(ExtensibilityGlobals) = postSolution
		SolutionGuid = {6F2AFCC7-B623-42A7-AEB5-523CD8B5AE9B}
	EndGlobalSection
EndGlobal
